github.com/goark/mt v1.0.0 h1:pGmGFOoe7q8TwMZSD7Q308UAjPgxWtMaf8Zau5ts/I4=
github.com/goark/mt v1.0.0/go.mod h1:MuaJqK3GbJAaLOy6wS2F4L17HasiBx4cscup6T8N7Aw=
github.com/goark/mt/v2 v2.0.1 h1:RT/k3Pr05NROhBo61o/9JFTp3S/+dOdZdQXYKTAd68I=
github.com/goark/mt/v2 v2.0.1/go.mod h1:nHdcawXDfWEzAIwuI5KLkwE7/Wtow0t8ttfZw3OY160=
